
Microsoft Visual Studio Solution File, Format Version 12.00
# Visual Studio Version 16
VisualStudioVersion = 16.0.31624.102
MinimumVisualStudioVersion = 10.0.40219.1
Project("{9A19103F-16F7-4668-BE54-9A1E7A4F7556}") = "Patterns", "Patterns\Patterns.csproj", "{7EDC49E2-1B40-4C97-9645-A08D2B769F6E}"
EndProject
Project("{9A19103F-16F7-4668-BE54-9A1E7A4F7556}") = "Factory Method", "Factory Method\Factory Method.csproj", "{9904CD75-5C0B-4EF5-995A-47AEB093233D}"
EndProject
Project("{9A19103F-16F7-4668-BE54-9A1E7A4F7556}") = "Abstract Factory", "Abstract Factory\Abstract Factory.csproj", "{C5B4A262-A112-4993-B529-4D093B8ECB07}"
EndProject
Project("{9A19103F-16F7-4668-BE54-9A1E7A4F7556}") = "Singleton", "Singleton\Singleton.csproj", "{AB46124D-B9EA-4623-B54F-1AB8025A8D06}"
EndProject
Project("{9A19103F-16F7-4668-BE54-9A1E7A4F7556}") = "Prototype", "Prototype\Prototype.csproj", "{89CB49A7-F1F3-49F5-964E-BC43890223CC}"
EndProject
Project("{9A19103F-16F7-4668-BE54-9A1E7A4F7556}") = "Builder", "Builder\Builder.csproj", "{2F5945ED-72D6-4F33-BF83-8C043BC3117C}"
EndProject
Project("{2150E333-8FDC-42A3-9474-1A3956D46DE8}") = "Creation Patterns", "Creation Patterns", "{FA49DDF0-AD26-4E63-AD05-E41CB7BAE870}"
EndProject
Project("{2150E333-8FDC-42A3-9474-1A3956D46DE8}") = "Action Patterns", "Action Patterns", "{D1B3E0A7-8F9E-4174-B86D-8177841FFEDE}"
EndProject
Project("{9A19103F-16F7-4668-BE54-9A1E7A4F7556}") = "Strategy", "Strategy\Strategy.csproj", "{2777D441-AAC2-4A6D-B0FD-89A32D3D6410}"
EndProject
Project("{9A19103F-16F7-4668-BE54-9A1E7A4F7556}") = "Observer", "Observer\Observer.csproj", "{00EEAA09-62C5-4373-8C2E-577180D7E8FF}"
EndProject
Project("{9A19103F-16F7-4668-BE54-9A1E7A4F7556}") = "Command", "Command\Command.csproj", "{1872895C-B727-4A92-B8EC-FED0C2680A17}"
EndProject
Project("{9A19103F-16F7-4668-BE54-9A1E7A4F7556}") = "Template Method", "Template Method\Template Method.csproj", "{7F014FF5-42B6-414E-A936-AFDE570BD8C3}"
EndProject
Project("{9A19103F-16F7-4668-BE54-9A1E7A4F7556}") = "Iterator", "Iterator\Iterator.csproj", "{8D8B0854-DC81-4278-B3BB-60F8863B5303}"
EndProject
Project("{9A19103F-16F7-4668-BE54-9A1E7A4F7556}") = "State", "State\State.csproj", "{2DFA9B2F-787F-41D9-867F-0505683388F5}"
EndProject
Project("{9A19103F-16F7-4668-BE54-9A1E7A4F7556}") = "ChainOfResponsibility", "ChainOfResponsibility\ChainOfResponsibility.csproj", "{5F7D730D-4F68-431D-8ACD-3B03AD1323B9}"
EndProject
Project("{9A19103F-16F7-4668-BE54-9A1E7A4F7556}") = "Interpreter", "Interpreter\Interpreter.csproj", "{57130CC0-1223-4CC5-8607-FB02EB6E8C5F}"
EndProject
Project("{9A19103F-16F7-4668-BE54-9A1E7A4F7556}") = "Mediator", "Mediator\Mediator.csproj", "{905C7B89-39F1-4E0B-8580-5C23EE98A06C}"
EndProject
Project("{9A19103F-16F7-4668-BE54-9A1E7A4F7556}") = "Memento", "Memento\Memento.csproj", "{7747F182-F54C-4E26-B510-18D85E9CED5B}"
EndProject
Project("{9A19103F-16F7-4668-BE54-9A1E7A4F7556}") = "Visitor", "Visitor\Visitor.csproj", "{DD74156A-7E18-4CDF-AE09-E99D4C25CE99}"
EndProject
Project("{2150E333-8FDC-42A3-9474-1A3956D46DE8}") = "Structure Patterns", "Structure Patterns", "{55FB52C2-9026-42D3-9A56-42CA6420A8C9}"
EndProject
Project("{FAE04EC0-301F-11D3-BF4B-00C04F79EFBC}") = "Decorator", "Decorator\Decorator.csproj", "{67368D99-8E1A-41B5-B715-915DA04BF0CB}"
EndProject
Project("{FAE04EC0-301F-11D3-BF4B-00C04F79EFBC}") = "Adapter", "Adater\Adapter.csproj", "{BA59A9E8-FD3F-473B-BE52-BD966B166B2D}"
EndProject
Project("{FAE04EC0-301F-11D3-BF4B-00C04F79EFBC}") = "Facade", "Facade\Facade.csproj", "{BA923C13-4946-4C2F-9734-4B84DD0FAA7C}"
EndProject
Project("{FAE04EC0-301F-11D3-BF4B-00C04F79EFBC}") = "Composite", "Composite\Composite.csproj", "{CE87401E-0568-4E65-951E-34DEBA406759}"
EndProject
Project("{FAE04EC0-301F-11D3-BF4B-00C04F79EFBC}") = "Proxy", "roxy\Proxy.csproj", "{FDC8125D-9E64-4F2B-A722-71746D0DEE6B}"
EndProject
Project("{FAE04EC0-301F-11D3-BF4B-00C04F79EFBC}") = "Bridge", "Bridge\Bridge.csproj", "{F22FC91F-A521-45F5-92FF-E07EF705A7DD}"
EndProject
Project("{FAE04EC0-301F-11D3-BF4B-00C04F79EFBC}") = "Flyweight", "Flyweight\Flyweight.csproj", "{78B2D3CD-739C-455F-93DF-45B0665E1DD8}"
EndProject
Global
	GlobalSection(SolutionConfigurationPlatforms) = preSolution
		Debug|Any CPU = Debug|Any CPU
		Release|Any CPU = Release|Any CPU
	EndGlobalSection
	GlobalSection(ProjectConfigurationPlatforms) = postSolution
		{7EDC49E2-1B40-4C97-9645-A08D2B769F6E}.Debug|Any CPU.ActiveCfg = Debug|Any CPU
		{7EDC49E2-1B40-4C97-9645-A08D2B769F6E}.Debug|Any CPU.Build.0 = Debug|Any CPU
		{7EDC49E2-1B40-4C97-9645-A08D2B769F6E}.Release|Any CPU.ActiveCfg = Release|Any CPU
		{7EDC49E2-1B40-4C97-9645-A08D2B769F6E}.Release|Any CPU.Build.0 = Release|Any CPU
		{9904CD75-5C0B-4EF5-995A-47AEB093233D}.Debug|Any CPU.ActiveCfg = Debug|Any CPU
		{9904CD75-5C0B-4EF5-995A-47AEB093233D}.Debug|Any CPU.Build.0 = Debug|Any CPU
		{9904CD75-5C0B-4EF5-995A-47AEB093233D}.Release|Any CPU.ActiveCfg = Release|Any CPU
		{9904CD75-5C0B-4EF5-995A-47AEB093233D}.Release|Any CPU.Build.0 = Release|Any CPU
		{C5B4A262-A112-4993-B529-4D093B8ECB07}.Debug|Any CPU.ActiveCfg = Debug|Any CPU
		{C5B4A262-A112-4993-B529-4D093B8ECB07}.Debug|Any CPU.Build.0 = Debug|Any CPU
		{C5B4A262-A112-4993-B529-4D093B8ECB07}.Release|Any CPU.ActiveCfg = Release|Any CPU
		{C5B4A262-A112-4993-B529-4D093B8ECB07}.Release|Any CPU.Build.0 = Release|Any CPU
		{AB46124D-B9EA-4623-B54F-1AB8025A8D06}.Debug|Any CPU.ActiveCfg = Debug|Any CPU
		{AB46124D-B9EA-4623-B54F-1AB8025A8D06}.Debug|Any CPU.Build.0 = Debug|Any CPU
		{AB46124D-B9EA-4623-B54F-1AB8025A8D06}.Release|Any CPU.ActiveCfg = Release|Any CPU
		{AB46124D-B9EA-4623-B54F-1AB8025A8D06}.Release|Any CPU.Build.0 = Release|Any CPU
		{89CB49A7-F1F3-49F5-964E-BC43890223CC}.Debug|Any CPU.ActiveCfg = Debug|Any CPU
		{89CB49A7-F1F3-49F5-964E-BC43890223CC}.Debug|Any CPU.Build.0 = Debug|Any CPU
		{89CB49A7-F1F3-49F5-964E-BC43890223CC}.Release|Any CPU.ActiveCfg = Release|Any CPU
		{89CB49A7-F1F3-49F5-964E-BC43890223CC}.Release|Any CPU.Build.0 = Release|Any CPU
		{2F5945ED-72D6-4F33-BF83-8C043BC3117C}.Debug|Any CPU.ActiveCfg = Debug|Any CPU
		{2F5945ED-72D6-4F33-BF83-8C043BC3117C}.Debug|Any CPU.Build.0 = Debug|Any CPU
		{2F5945ED-72D6-4F33-BF83-8C043BC3117C}.Release|Any CPU.ActiveCfg = Release|Any CPU
		{2F5945ED-72D6-4F33-BF83-8C043BC3117C}.Release|Any CPU.Build.0 = Release|Any CPU
		{2777D441-AAC2-4A6D-B0FD-89A32D3D6410}.Debug|Any CPU.ActiveCfg = Debug|Any CPU
		{2777D441-AAC2-4A6D-B0FD-89A32D3D6410}.Debug|Any CPU.Build.0 = Debug|Any CPU
		{2777D441-AAC2-4A6D-B0FD-89A32D3D6410}.Release|Any CPU.ActiveCfg = Release|Any CPU
		{2777D441-AAC2-4A6D-B0FD-89A32D3D6410}.Release|Any CPU.Build.0 = Release|Any CPU
		{00EEAA09-62C5-4373-8C2E-577180D7E8FF}.Debug|Any CPU.ActiveCfg = Debug|Any CPU
		{00EEAA09-62C5-4373-8C2E-577180D7E8FF}.Debug|Any CPU.Build.0 = Debug|Any CPU
		{00EEAA09-62C5-4373-8C2E-577180D7E8FF}.Release|Any CPU.ActiveCfg = Release|Any CPU
		{00EEAA09-62C5-4373-8C2E-577180D7E8FF}.Release|Any CPU.Build.0 = Release|Any CPU
		{1872895C-B727-4A92-B8EC-FED0C2680A17}.Debug|Any CPU.ActiveCfg = Debug|Any CPU
		{1872895C-B727-4A92-B8EC-FED0C2680A17}.Debug|Any CPU.Build.0 = Debug|Any CPU
		{1872895C-B727-4A92-B8EC-FED0C2680A17}.Release|Any CPU.ActiveCfg = Release|Any CPU
		{1872895C-B727-4A92-B8EC-FED0C2680A17}.Release|Any CPU.Build.0 = Release|Any CPU
		{7F014FF5-42B6-414E-A936-AFDE570BD8C3}.Debug|Any CPU.ActiveCfg = Debug|Any CPU
		{7F014FF5-42B6-414E-A936-AFDE570BD8C3}.Debug|Any CPU.Build.0 = Debug|Any CPU
		{7F014FF5-42B6-414E-A936-AFDE570BD8C3}.Release|Any CPU.ActiveCfg = Release|Any CPU
		{7F014FF5-42B6-414E-A936-AFDE570BD8C3}.Release|Any CPU.Build.0 = Release|Any CPU
		{8D8B0854-DC81-4278-B3BB-60F8863B5303}.Debug|Any CPU.ActiveCfg = Debug|Any CPU
		{8D8B0854-DC81-4278-B3BB-60F8863B5303}.Debug|Any CPU.Build.0 = Debug|Any CPU
		{8D8B0854-DC81-4278-B3BB-60F8863B5303}.Release|Any CPU.ActiveCfg = Release|Any CPU
		{8D8B0854-DC81-4278-B3BB-60F8863B5303}.Release|Any CPU.Build.0 = Release|Any CPU
		{2DFA9B2F-787F-41D9-867F-0505683388F5}.Debug|Any CPU.ActiveCfg = Debug|Any CPU
		{2DFA9B2F-787F-41D9-867F-0505683388F5}.Debug|Any CPU.Build.0 = Debug|Any CPU
		{2DFA9B2F-787F-41D9-867F-0505683388F5}.Release|Any CPU.ActiveCfg = Release|Any CPU
		{2DFA9B2F-787F-41D9-867F-0505683388F5}.Release|Any CPU.Build.0 = Release|Any CPU
		{5F7D730D-4F68-431D-8ACD-3B03AD1323B9}.Debug|Any CPU.ActiveCfg = Debug|Any CPU
		{5F7D730D-4F68-431D-8ACD-3B03AD1323B9}.Debug|Any CPU.Build.0 = Debug|Any CPU
		{5F7D730D-4F68-431D-8ACD-3B03AD1323B9}.Release|Any CPU.ActiveCfg = Release|Any CPU
		{5F7D730D-4F68-431D-8ACD-3B03AD1323B9}.Release|Any CPU.Build.0 = Release|Any CPU
		{57130CC0-1223-4CC5-8607-FB02EB6E8C5F}.Debug|Any CPU.ActiveCfg = Debug|Any CPU
		{57130CC0-1223-4CC5-8607-FB02EB6E8C5F}.Debug|Any CPU.Build.0 = Debug|Any CPU
		{57130CC0-1223-4CC5-8607-FB02EB6E8C5F}.Release|Any CPU.ActiveCfg = Release|Any CPU
		{57130CC0-1223-4CC5-8607-FB02EB6E8C5F}.Release|Any CPU.Build.0 = Release|Any CPU
		{905C7B89-39F1-4E0B-8580-5C23EE98A06C}.Debug|Any CPU.ActiveCfg = Debug|Any CPU
		{905C7B89-39F1-4E0B-8580-5C23EE98A06C}.Debug|Any CPU.Build.0 = Debug|Any CPU
		{905C7B89-39F1-4E0B-8580-5C23EE98A06C}.Release|Any CPU.ActiveCfg = Release|Any CPU
		{905C7B89-39F1-4E0B-8580-5C23EE98A06C}.Release|Any CPU.Build.0 = Release|Any CPU
		{7747F182-F54C-4E26-B510-18D85E9CED5B}.Debug|Any CPU.ActiveCfg = Debug|Any CPU
		{7747F182-F54C-4E26-B510-18D85E9CED5B}.Debug|Any CPU.Build.0 = Debug|Any CPU
		{7747F182-F54C-4E26-B510-18D85E9CED5B}.Release|Any CPU.ActiveCfg = Release|Any CPU
		{7747F182-F54C-4E26-B510-18D85E9CED5B}.Release|Any CPU.Build.0 = Release|Any CPU
		{DD74156A-7E18-4CDF-AE09-E99D4C25CE99}.Debug|Any CPU.ActiveCfg = Debug|Any CPU
		{DD74156A-7E18-4CDF-AE09-E99D4C25CE99}.Debug|Any CPU.Build.0 = Debug|Any CPU
		{DD74156A-7E18-4CDF-AE09-E99D4C25CE99}.Release|Any CPU.ActiveCfg = Release|Any CPU
		{DD74156A-7E18-4CDF-AE09-E99D4C25CE99}.Release|Any CPU.Build.0 = Release|Any CPU
		{67368D99-8E1A-41B5-B715-915DA04BF0CB}.Debug|Any CPU.ActiveCfg = Debug|Any CPU
		{67368D99-8E1A-41B5-B715-915DA04BF0CB}.Debug|Any CPU.Build.0 = Debug|Any CPU
		{67368D99-8E1A-41B5-B715-915DA04BF0CB}.Release|Any CPU.ActiveCfg = Release|Any CPU
		{67368D99-8E1A-41B5-B715-915DA04BF0CB}.Release|Any CPU.Build.0 = Release|Any CPU
		{BA59A9E8-FD3F-473B-BE52-BD966B166B2D}.Debug|Any CPU.ActiveCfg = Debug|Any CPU
		{BA59A9E8-FD3F-473B-BE52-BD966B166B2D}.Debug|Any CPU.Build.0 = Debug|Any CPU
		{BA59A9E8-FD3F-473B-BE52-BD966B166B2D}.Release|Any CPU.ActiveCfg = Release|Any CPU
		{BA59A9E8-FD3F-473B-BE52-BD966B166B2D}.Release|Any CPU.Build.0 = Release|Any CPU
		{BA923C13-4946-4C2F-9734-4B84DD0FAA7C}.Debug|Any CPU.ActiveCfg = Debug|Any CPU
		{BA923C13-4946-4C2F-9734-4B84DD0FAA7C}.Debug|Any CPU.Build.0 = Debug|Any CPU
		{BA923C13-4946-4C2F-9734-4B84DD0FAA7C}.Release|Any CPU.ActiveCfg = Release|Any CPU
		{BA923C13-4946-4C2F-9734-4B84DD0FAA7C}.Release|Any CPU.Build.0 = Release|Any CPU
		{CE87401E-0568-4E65-951E-34DEBA406759}.Debug|Any CPU.ActiveCfg = Debug|Any CPU
		{CE87401E-0568-4E65-951E-34DEBA406759}.Debug|Any CPU.Build.0 = Debug|Any CPU
		{CE87401E-0568-4E65-951E-34DEBA406759}.Release|Any CPU.ActiveCfg = Release|Any CPU
		{CE87401E-0568-4E65-951E-34DEBA406759}.Release|Any CPU.Build.0 = Release|Any CPU
		{FDC8125D-9E64-4F2B-A722-71746D0DEE6B}.Debug|Any CPU.ActiveCfg = Debug|Any CPU
		{FDC8125D-9E64-4F2B-A722-71746D0DEE6B}.Debug|Any CPU.Build.0 = Debug|Any CPU
		{FDC8125D-9E64-4F2B-A722-71746D0DEE6B}.Release|Any CPU.ActiveCfg = Release|Any CPU
		{FDC8125D-9E64-4F2B-A722-71746D0DEE6B}.Release|Any CPU.Build.0 = Release|Any CPU
		{F22FC91F-A521-45F5-92FF-E07EF705A7DD}.Debug|Any CPU.ActiveCfg = Debug|Any CPU
		{F22FC91F-A521-45F5-92FF-E07EF705A7DD}.Debug|Any CPU.Build.0 = Debug|Any CPU
		{F22FC91F-A521-45F5-92FF-E07EF705A7DD}.Release|Any CPU.ActiveCfg = Release|Any CPU
		{F22FC91F-A521-45F5-92FF-E07EF705A7DD}.Release|Any CPU.Build.0 = Release|Any CPU
		{78B2D3CD-739C-455F-93DF-45B0665E1DD8}.Debug|Any CPU.ActiveCfg = Debug|Any CPU
		{78B2D3CD-739C-455F-93DF-45B0665E1DD8}.Debug|Any CPU.Build.0 = Debug|Any CPU
		{78B2D3CD-739C-455F-93DF-45B0665E1DD8}.Release|Any CPU.ActiveCfg = Release|Any CPU
		{78B2D3CD-739C-455F-93DF-45B0665E1DD8}.Release|Any CPU.Build.0 = Release|Any CPU
	EndGlobalSection
	GlobalSection(SolutionProperties) = preSolution
		HideSolutionNode = FALSE
	EndGlobalSection
	GlobalSection(NestedProjects) = preSolution
		{9904CD75-5C0B-4EF5-995A-47AEB093233D} = {FA49DDF0-AD26-4E63-AD05-E41CB7BAE870}
		{C5B4A262-A112-4993-B529-4D093B8ECB07} = {FA49DDF0-AD26-4E63-AD05-E41CB7BAE870}
		{AB46124D-B9EA-4623-B54F-1AB8025A8D06} = {FA49DDF0-AD26-4E63-AD05-E41CB7BAE870}
		{89CB49A7-F1F3-49F5-964E-BC43890223CC} = {FA49DDF0-AD26-4E63-AD05-E41CB7BAE870}
		{2F5945ED-72D6-4F33-BF83-8C043BC3117C} = {FA49DDF0-AD26-4E63-AD05-E41CB7BAE870}
		{2777D441-AAC2-4A6D-B0FD-89A32D3D6410} = {D1B3E0A7-8F9E-4174-B86D-8177841FFEDE}
		{00EEAA09-62C5-4373-8C2E-577180D7E8FF} = {D1B3E0A7-8F9E-4174-B86D-8177841FFEDE}
		{1872895C-B727-4A92-B8EC-FED0C2680A17} = {D1B3E0A7-8F9E-4174-B86D-8177841FFEDE}
		{7F014FF5-42B6-414E-A936-AFDE570BD8C3} = {D1B3E0A7-8F9E-4174-B86D-8177841FFEDE}
		{8D8B0854-DC81-4278-B3BB-60F8863B5303} = {D1B3E0A7-8F9E-4174-B86D-8177841FFEDE}
		{2DFA9B2F-787F-41D9-867F-0505683388F5} = {D1B3E0A7-8F9E-4174-B86D-8177841FFEDE}
		{5F7D730D-4F68-431D-8ACD-3B03AD1323B9} = {D1B3E0A7-8F9E-4174-B86D-8177841FFEDE}
		{57130CC0-1223-4CC5-8607-FB02EB6E8C5F} = {D1B3E0A7-8F9E-4174-B86D-8177841FFEDE}
		{905C7B89-39F1-4E0B-8580-5C23EE98A06C} = {D1B3E0A7-8F9E-4174-B86D-8177841FFEDE}
		{7747F182-F54C-4E26-B510-18D85E9CED5B} = {D1B3E0A7-8F9E-4174-B86D-8177841FFEDE}
		{DD74156A-7E18-4CDF-AE09-E99D4C25CE99} = {D1B3E0A7-8F9E-4174-B86D-8177841FFEDE}
		{67368D99-8E1A-41B5-B715-915DA04BF0CB} = {55FB52C2-9026-42D3-9A56-42CA6420A8C9}
		{BA59A9E8-FD3F-473B-BE52-BD966B166B2D} = {55FB52C2-9026-42D3-9A56-42CA6420A8C9}
		{BA923C13-4946-4C2F-9734-4B84DD0FAA7C} = {55FB52C2-9026-42D3-9A56-42CA6420A8C9}
		{CE87401E-0568-4E65-951E-34DEBA406759} = {55FB52C2-9026-42D3-9A56-42CA6420A8C9}
		{FDC8125D-9E64-4F2B-A722-71746D0DEE6B} = {55FB52C2-9026-42D3-9A56-42CA6420A8C9}
		{F22FC91F-A521-45F5-92FF-E07EF705A7DD} = {55FB52C2-9026-42D3-9A56-42CA6420A8C9}
		{78B2D3CD-739C-455F-93DF-45B0665E1DD8} = {55FB52C2-9026-42D3-9A56-42CA6420A8C9}
	EndGlobalSection
	GlobalSection(ExtensibilityGlobals) = postSolution
		SolutionGuid = {00D380D5-3862-4B34-982F-862776B8D99C}
	EndGlobalSection
EndGlobal
